
Microsoft Visual Studio Solution File, Format Version 12.00
# Visual Studio Version 17
VisualStudioVersion = 17.4.33213.308
MinimumVisualStudioVersion = 10.0.40219.1
Project("{9A19103F-16F7-4668-BE54-9A1E7A4F7556}") = "InventoryManagement.Api", "InventoryManagement.Api\InventoryManagement.Api.csproj", "{1AC5565D-7FA5-4227-8611-5463C848E2FC}"
EndProject
Project("{9A19103F-16F7-4668-BE54-9A1E7A4F7556}") = "InventoryManagement.Core", "InventoryManagement.Core\InventoryManagement.Core.csproj", "{E8BA1BE9-043F-4074-8F19-862BC98CD9D3}"
EndProject
Project("{9A19103F-16F7-4668-BE54-9A1E7A4F7556}") = "InventoryManagement.Application", "InventoryManagement.Application\InventoryManagement.Application.csproj", "{9CEC9340-8CFA-40F7-A7FE-7F2086FD8CBA}"
EndProject
Project("{9A19103F-16F7-4668-BE54-9A1E7A4F7556}") = "InventoryManagement.Infrastructure", "InventoryManagement.Infrastructure\InventoryManagement.Infrastructure.csproj", "{620CE926-B251-49BF-9144-786E9267D637}"
EndProject
Project("{2150E333-8FDC-42A3-9474-1A3956D46DE8}") = "Solution Items", "Solution Items", "{498AA95F-252A-406E-A372-298E3187AC0D}"
	ProjectSection(SolutionItems) = preProject
		azure-pipelines.yml = azure-pipelines.yml
	EndProjectSection
EndProject
Project("{FAE04EC0-301F-11D3-BF4B-00C04F79EFBC}") = "InventoryManagement.Infrastructure.Tests", "InventoryManagement.Infrastructure.Tests\InventoryManagement.Infrastructure.Tests.csproj", "{5050EAFB-5B68-4C48-B32E-C8903B40B1A5}"
EndProject
Global
	GlobalSection(SolutionConfigurationPlatforms) = preSolution
		Debug|Any CPU = Debug|Any CPU
		Release|Any CPU = Release|Any CPU
	EndGlobalSection
	GlobalSection(ProjectConfigurationPlatforms) = postSolution
		{1AC5565D-7FA5-4227-8611-5463C848E2FC}.Debug|Any CPU.ActiveCfg = Debug|Any CPU
		{1AC5565D-7FA5-4227-8611-5463C848E2FC}.Debug|Any CPU.Build.0 = Debug|Any CPU
		{1AC5565D-7FA5-4227-8611-5463C848E2FC}.Release|Any CPU.ActiveCfg = Release|Any CPU
		{1AC5565D-7FA5-4227-8611-5463C848E2FC}.Release|Any CPU.Build.0 = Release|Any CPU
		{E8BA1BE9-043F-4074-8F19-862BC98CD9D3}.Debug|Any CPU.ActiveCfg = Debug|Any CPU
		{E8BA1BE9-043F-4074-8F19-862BC98CD9D3}.Debug|Any CPU.Build.0 = Debug|Any CPU
		{E8BA1BE9-043F-4074-8F19-862BC98CD9D3}.Release|Any CPU.ActiveCfg = Release|Any CPU
		{E8BA1BE9-043F-4074-8F19-862BC98CD9D3}.Release|Any CPU.Build.0 = Release|Any CPU
		{9CEC9340-8CFA-40F7-A7FE-7F2086FD8CBA}.Debug|Any CPU.ActiveCfg = Debug|Any CPU
		{9CEC9340-8CFA-40F7-A7FE-7F2086FD8CBA}.Debug|Any CPU.Build.0 = Debug|Any CPU
		{9CEC9340-8CFA-40F7-A7FE-7F2086FD8CBA}.Release|Any CPU.ActiveCfg = Release|Any CPU
		{9CEC9340-8CFA-40F7-A7FE-7F2086FD8CBA}.Release|Any CPU.Build.0 = Release|Any CPU
		{620CE926-B251-49BF-9144-786E9267D637}.Debug|Any CPU.ActiveCfg = Debug|Any CPU
		{620CE926-B251-49BF-9144-786E9267D637}.Debug|Any CPU.Build.0 = Debug|Any CPU
		{620CE926-B251-49BF-9144-786E9267D637}.Release|Any CPU.ActiveCfg = Release|Any CPU
		{620CE926-B251-49BF-9144-786E9267D637}.Release|Any CPU.Build.0 = Release|Any CPU
		{5050EAFB-5B68-4C48-B32E-C8903B40B1A5}.Debug|Any CPU.ActiveCfg = Debug|Any CPU
		{5050EAFB-5B68-4C48-B32E-C8903B40B1A5}.Debug|Any CPU.Build.0 = Debug|Any CPU
		{5050EAFB-5B68-4C48-B32E-C8903B40B1A5}.Release|Any CPU.ActiveCfg = Release|Any CPU
		{5050EAFB-5B68-4C48-B32E-C8903B40B1A5}.Release|Any CPU.Build.0 = Release|Any CPU
	EndGlobalSection
	GlobalSection(SolutionProperties) = preSolution
		HideSolutionNode = FALSE
	EndGlobalSection
	GlobalSection(ExtensibilityGlobals) = postSolution
		SolutionGuid = {4288428F-50E7-4B3F-80A1-02EF22AA46D2}
	EndGlobalSection
EndGlobal
